<?xml version="1.0" encoding="utf-8"?>
<Project ToolsVersion="18.0" xmlns="http://schemas.microsoft.com/developer/msbuild/2003">
  <ItemGroup>
    <CustomBuild Include="C:\Users\nikit\OneDrive\documents\Nikreon\build-rel\CMakeFiles\87bbd4d9d7b57b5ac0d08395d8c696e4\debug_grid.frag.spv.rule">
      <Filter>CMake Rules</Filter>
    </CustomBuild>
    <CustomBuild Include="C:\Users\nikit\OneDrive\documents\Nikreon\build-rel\CMakeFiles\87bbd4d9d7b57b5ac0d08395d8c696e4\debug_grid.vert.spv.rule">
      <Filter>CMake Rules</Filter>
    </CustomBuild>
    <CustomBuild Include="C:\Users\nikit\OneDrive\documents\Nikreon\build-rel\CMakeFiles\87bbd4d9d7b57b5ac0d08395d8c696e4\debug_line.frag.spv.rule">
      <Filter>CMake Rules</Filter>
    </CustomBuild>
    <CustomBuild Include="C:\Users\nikit\OneDrive\documents\Nikreon\build-rel\CMakeFiles\87bbd4d9d7b57b5ac0d08395d8c696e4\debug_line.vert.spv.rule">
      <Filter>CMake Rules</Filter>
    </CustomBuild>
    <CustomBuild Include="C:\Users\nikit\OneDrive\documents\Nikreon\build-rel\CMakeFiles\87bbd4d9d7b57b5ac0d08395d8c696e4\world2d_instanced.frag.spv.rule">
      <Filter>CMake Rules</Filter>
    </CustomBuild>
    <CustomBuild Include="C:\Users\nikit\OneDrive\documents\Nikreon\build-rel\CMakeFiles\87bbd4d9d7b57b5ac0d08395d8c696e4\world2d_instanced.vert.spv.rule">
      <Filter>CMake Rules</Filter>
    </CustomBuild>
    <CustomBuild Include="C:\Users\nikit\OneDrive\documents\Nikreon\build-rel\CMakeFiles\8fd15e51fa351b72b3ff81582534317c\NikreonEngineShaders.rule">
      <Filter>CMake Rules</Filter>
    </CustomBuild>
    <CustomBuild Include="C:\Users\nikit\OneDrive\documents\Nikreon\CMakeLists.txt" />
  </ItemGroup>
  <ItemGroup>
    <None Include="C:\Users\nikit\OneDrive\documents\Nikreon\build-rel\CMakeFiles\NikreonEngineShaders" />
  </ItemGroup>
  <ItemGroup>
    <Filter Include="CMake Rules">
      <UniqueIdentifier>{A8CAA41D-B818-326E-A6A5-7B266F8D8300}</UniqueIdentifier>
    </Filter>
  </ItemGroup>
</Project>
